
Microsoft Visual Studio Solution File, Format Version 12.00
# Visual Studio Version 17
VisualStudioVersion = 17.0.32112.339
MinimumVisualStudioVersion = 10.0.40219.1
Project("{FAE04EC0-301F-11D3-BF4B-00C04F79EFBC}") = "Source", "ConsoleApp1\Source.csproj", "{9CCD29B5-7174-4B92-9999-1F57FE6D76AB}"
EndProject
Global
	GlobalSection(SolutionConfigurationPlatforms) = preSolution
		Debug|Any CPU = Debug|Any CPU
		Release|Any CPU = Release|Any CPU
	EndGlobalSection
	GlobalSection(ProjectConfigurationPlatforms) = postSolution
		{9CCD29B5-7174-4B92-9999-1F57FE6D76AB}.Debug|Any CPU.ActiveCfg = Debug|Any CPU
		{9CCD29B5-7174-4B92-9999-1F57FE6D76AB}.Debug|Any CPU.Build.0 = Debug|Any CPU
		{9CCD29B5-7174-4B92-9999-1F57FE6D76AB}.Release|Any CPU.ActiveCfg = Release|Any CPU
		{9CCD29B5-7174-4B92-9999-1F57FE6D76AB}.Release|Any CPU.Build.0 = Release|Any CPU
	EndGlobalSection
	GlobalSection(SolutionProperties) = preSolution
		HideSolutionNode = FALSE
	EndGlobalSection
	GlobalSection(ExtensibilityGlobals) = postSolution
		SolutionGuid = {44E191C2-E425-4913-95F5-A36F26244D7F}
	EndGlobalSection
EndGlobal
